
Microsoft Visual Studio Solution File, Format Version 12.00
# Visual Studio Version 16
VisualStudioVersion = 16.0.29709.97
MinimumVisualStudioVersion = 10.0.40219.1
Project("{FAE04EC0-301F-11D3-BF4B-00C04F79EFBC}") = "Mappy", "Mappy\Mappy.csproj", "{EA26A863-F126-4809-8B32-09829D21B4CE}"
	ProjectSection(ProjectDependencies) = postProject
		{896DF25E-8EE5-4DBD-85D2-249045DC9631} = {896DF25E-8EE5-4DBD-85D2-249045DC9631}
		{71AE8770-7794-4CF8-88F1-1D7429F24EB4} = {71AE8770-7794-4CF8-88F1-1D7429F24EB4}
	EndProjectSection
EndProject
Project("{FAE04EC0-301F-11D3-BF4B-00C04F79EFBC}") = "TAUtil", "TAUtil\TAUtil\TAUtil.csproj", "{71AE8770-7794-4CF8-88F1-1D7429F24EB4}"
EndProject
Project("{FAE04EC0-301F-11D3-BF4B-00C04F79EFBC}") = "Geometry", "Geometry\Geometry.csproj", "{896DF25E-8EE5-4DBD-85D2-249045DC9631}"
EndProject
Project("{FAE04EC0-301F-11D3-BF4B-00C04F79EFBC}") = "MappyTest", "MappyTest\MappyTest.csproj", "{3B15868F-98C0-404A-859F-A456ADAF0669}"
EndProject
Project("{FAE04EC0-301F-11D3-BF4B-00C04F79EFBC}") = "WireframeViewer", "WireframeViewer\WireframeViewer.csproj", "{EBF5749B-A0A7-4891-A121-1CD5A105EB75}"
EndProject
Project("{FAE04EC0-301F-11D3-BF4B-00C04F79EFBC}") = "TAUtil.Gdi", "TAUtil\TAUtil.Gdi\TAUtil.Gdi.csproj", "{CBF5CEC6-3710-4F40-8A8E-EF57870B7793}"
EndProject
Project("{FAE04EC0-301F-11D3-BF4B-00C04F79EFBC}") = "TAUtil.HpiUtil", "TAUtil\TAUtil.HpiUtil\TAUtil.HpiUtil.csproj", "{A13082E4-3557-4666-BF02-B376C9907B69}"
EndProject
Global
	GlobalSection(SolutionConfigurationPlatforms) = preSolution
		Debug|x86 = Debug|x86
		Release|x86 = Release|x86
	EndGlobalSection
	GlobalSection(ProjectConfigurationPlatforms) = postSolution
		{EA26A863-F126-4809-8B32-09829D21B4CE}.Debug|x86.ActiveCfg = Debug|x86
		{EA26A863-F126-4809-8B32-09829D21B4CE}.Debug|x86.Build.0 = Debug|x86
		{EA26A863-F126-4809-8B32-09829D21B4CE}.Release|x86.ActiveCfg = Release|x86
		{EA26A863-F126-4809-8B32-09829D21B4CE}.Release|x86.Build.0 = Release|x86
		{71AE8770-7794-4CF8-88F1-1D7429F24EB4}.Debug|x86.ActiveCfg = Debug|Any CPU
		{71AE8770-7794-4CF8-88F1-1D7429F24EB4}.Debug|x86.Build.0 = Debug|Any CPU
		{71AE8770-7794-4CF8-88F1-1D7429F24EB4}.Release|x86.ActiveCfg = Release|Any CPU
		{71AE8770-7794-4CF8-88F1-1D7429F24EB4}.Release|x86.Build.0 = Release|Any CPU
		{896DF25E-8EE5-4DBD-85D2-249045DC9631}.Debug|x86.ActiveCfg = Debug|Any CPU
		{896DF25E-8EE5-4DBD-85D2-249045DC9631}.Debug|x86.Build.0 = Debug|Any CPU
		{896DF25E-8EE5-4DBD-85D2-249045DC9631}.Release|x86.ActiveCfg = Release|Any CPU
		{896DF25E-8EE5-4DBD-85D2-249045DC9631}.Release|x86.Build.0 = Release|Any CPU
		{3B15868F-98C0-404A-859F-A456ADAF0669}.Debug|x86.ActiveCfg = Debug|Any CPU
		{3B15868F-98C0-404A-859F-A456ADAF0669}.Debug|x86.Build.0 = Debug|Any CPU
		{3B15868F-98C0-404A-859F-A456ADAF0669}.Release|x86.ActiveCfg = Release|Any CPU
		{3B15868F-98C0-404A-859F-A456ADAF0669}.Release|x86.Build.0 = Release|Any CPU
		{EBF5749B-A0A7-4891-A121-1CD5A105EB75}.Debug|x86.ActiveCfg = Debug|Any CPU
		{EBF5749B-A0A7-4891-A121-1CD5A105EB75}.Debug|x86.Build.0 = Debug|Any CPU
		{EBF5749B-A0A7-4891-A121-1CD5A105EB75}.Release|x86.ActiveCfg = Release|Any CPU
		{EBF5749B-A0A7-4891-A121-1CD5A105EB75}.Release|x86.Build.0 = Release|Any CPU
		{CBF5CEC6-3710-4F40-8A8E-EF57870B7793}.Debug|x86.ActiveCfg = Debug|Any CPU
		{CBF5CEC6-3710-4F40-8A8E-EF57870B7793}.Debug|x86.Build.0 = Debug|Any CPU
		{CBF5CEC6-3710-4F40-8A8E-EF57870B7793}.Release|x86.ActiveCfg = Release|Any CPU
		{CBF5CEC6-3710-4F40-8A8E-EF57870B7793}.Release|x86.Build.0 = Release|Any CPU
		{A13082E4-3557-4666-BF02-B376C9907B69}.Debug|x86.ActiveCfg = Debug|Any CPU
		{A13082E4-3557-4666-BF02-B376C9907B69}.Debug|x86.Build.0 = Debug|Any CPU
		{A13082E4-3557-4666-BF02-B376C9907B69}.Release|x86.ActiveCfg = Release|Any CPU
		{A13082E4-3557-4666-BF02-B376C9907B69}.Release|x86.Build.0 = Release|Any CPU
	EndGlobalSection
	GlobalSection(SolutionProperties) = preSolution
		HideSolutionNode = FALSE
	EndGlobalSection
	GlobalSection(ExtensibilityGlobals) = postSolution
		SolutionGuid = {F24727C6-2BF1-48C1-9747-FC9E8F0D42C3}
	EndGlobalSection
	GlobalSection(TestCaseManagementSettings) = postSolution
		CategoryFile = Mappy\Mappy.vsmdi
	EndGlobalSection
EndGlobal
